
Microsoft Visual Studio Solution File, Format Version 12.00
# Visual Studio Version 17
VisualStudioVersion = 17.1.32210.238
MinimumVisualStudioVersion = 10.0.40219.1
Project("{FAE04EC0-301F-11D3-BF4B-00C04F79EFBC}") = "AtividadeAvaliativa", "AtividadeAvaliativa.csproj", "{929532D5-9DC4-451A-9DA7-EAD102BE1E7B}"
EndProject
Global
	GlobalSection(SolutionConfigurationPlatforms) = preSolution
		Debug|Any CPU = Debug|Any CPU
		Release|Any CPU = Release|Any CPU
	EndGlobalSection
	GlobalSection(ProjectConfigurationPlatforms) = postSolution
		{929532D5-9DC4-451A-9DA7-EAD102BE1E7B}.Debug|Any CPU.ActiveCfg = Debug|Any CPU
		{929532D5-9DC4-451A-9DA7-EAD102BE1E7B}.Debug|Any CPU.Build.0 = Debug|Any CPU
		{929532D5-9DC4-451A-9DA7-EAD102BE1E7B}.Release|Any CPU.ActiveCfg = Release|Any CPU
		{929532D5-9DC4-451A-9DA7-EAD102BE1E7B}.Release|Any CPU.Build.0 = Release|Any CPU
	EndGlobalSection
	GlobalSection(SolutionProperties) = preSolution
		HideSolutionNode = FALSE
	EndGlobalSection
	GlobalSection(ExtensibilityGlobals) = postSolution
		SolutionGuid = {B75FE9F4-D2AA-40D5-B30C-A36D0F95877A}
	EndGlobalSection
EndGlobal
